// !$*UTF8*$!
{
	archiveVersion = 1;
	classes = {
	};
	objectVersion = 46;
	objects = {

/* Begin PBXBuildFile section */
		B3885FEB1DB9B86E00D1A649 /* LaunchScreen.storyboard in Resources */ = {isa = PBXBuildFile; fileRef = B3885FEA1DB9B86E00D1A649 /* LaunchScreen.storyboard */; };
		E9EAA10319A43E7F002BD113 /* Foundation.framework in Frameworks */ = {isa = PBXBuildFile; fileRef = E9EAA10219A43E7F002BD113 /* Foundation.framework */; };
		E9EAA10519A43E7F002BD113 /* CoreGraphics.framework in Frameworks */ = {isa = PBXBuildFile; fileRef = E9EAA10419A43E7F002BD113 /* CoreGraphics.framework */; };
		E9EAA10719A43E7F002BD113 /* UIKit.framework in Frameworks */ = {isa = PBXBuildFile; fileRef = E9EAA10619A43E7F002BD113 /* UIKit.framework */; };
		E9EAA10D19A43E7F002BD113 /* InfoPlist.strings in Resources */ = {isa = PBXBuildFile; fileRef = E9EAA10B19A43E7F002BD113 /* InfoPlist.strings */; };
		E9EAA10F19A43E7F002BD113 /* main.m in Sources */ = {isa = PBXBuildFile; fileRef = E9EAA10E19A43E7F002BD113 /* main.m */; };
		E9EAA11319A43E7F002BD113 /* AppDelegate.m in Sources */ = {isa = PBXBuildFile; fileRef = E9EAA11219A43E7F002BD113 /* AppDelegate.m */; };
		E9EAA11519A43E7F002BD113 /* Images.xcassets in Resources */ = {isa = PBXBuildFile; fileRef = E9EAA11419A43E7F002BD113 /* Images.xcassets */; };
		E9EAA11C19A43E7F002BD113 /* XCTest.framework in Frameworks */ = {isa = PBXBuildFile; fileRef = E9EAA11B19A43E7F002BD113 /* XCTest.framework */; };
		E9EAA11D19A43E7F002BD113 /* Foundation.framework in Frameworks */ = {isa = PBXBuildFile; fileRef = E9EAA10219A43E7F002BD113 /* Foundation.framework */; };
		E9EAA11E19A43E7F002BD113 /* UIKit.framework in Frameworks */ = {isa = PBXBuildFile; fileRef = E9EAA10619A43E7F002BD113 /* UIKit.framework */; };
		E9EAA12619A43E7F002BD113 /* InfoPlist.strings in Resources */ = {isa = PBXBuildFile; fileRef = E9EAA12419A43E7F002BD113 /* InfoPlist.strings */; };
		E9EAA12819A43E7F002BD113 /* AllFontsTests.m in Sources */ = {isa = PBXBuildFile; fileRef = E9EAA12719A43E7F002BD113 /* AllFontsTests.m */; };
		E9EAA13319A43E95002BD113 /* MainVC.m in Sources */ = {isa = PBXBuildFile; fileRef = E9EAA13219A43E95002BD113 /* MainVC.m */; };
/* End PBXBuildFile section */

/* Begin PBXContainerItemProxy section */
		E9EAA11F19A43E7F002BD113 /* PBXContainerItemProxy */ = {
			isa = PBXContainerItemProxy;
			containerPortal = E9EAA0F719A43E7F002BD113 /* Project object */;
			proxyType = 1;
			remoteGlobalIDString = E9EAA0FE19A43E7F002BD113;
			remoteInfo = AllFonts;
		};
/* End PBXContainerItemProxy section */

/* Begin PBXFileReference section */
		B3885FEA1DB9B86E00D1A649 /* LaunchScreen.storyboard */ = {isa = PBXFileReference; fileEncoding = 4; lastKnownFileType = file.storyboard; path = LaunchScreen.storyboard; sourceTree = "<group>"; };
		E9EAA0FF19A43E7F002BD113 /* AllFonts.app */ = {isa = PBXFileReference; explicitFileType = wrapper.application; includeInIndex = 0; path = AllFonts.app; sourceTree = BUILT_PRODUCTS_DIR; };
		E9EAA10219A43E7F002BD113 /* Foundation.framework */ = {isa = PBXFileReference; lastKnownFileType = wrapper.framework; name = Foundation.framework; path = System/Library/Frameworks/Foundation.framework; sourceTree = SDKROOT; };
		E9EAA10419A43E7F002BD113 /* CoreGraphics.framework */ = {isa = PBXFileReference; lastKnownFileType = wrapper.framework; name = CoreGraphics.framework; path = System/Library/Frameworks/CoreGraphics.framework; sourceTree = SDKROOT; };
		E9EAA10619A43E7F002BD113 /* UIKit.framework */ = {isa = PBXFileReference; lastKnownFileType = wrapper.framework; name = UIKit.framework; path = System/Library/Frameworks/UIKit.framework; sourceTree = SDKROOT; };
		E9EAA10A19A43E7F002BD113 /* AllFonts-Info.plist */ = {isa = PBXFileReference; lastKnownFileType = text.plist.xml; path = "AllFonts-Info.plist"; sourceTree = "<group>"; };
		E9EAA10C19A43E7F002BD113 /* en */ = {isa = PBXFileReference; lastKnownFileType = text.plist.strings; name = en; path = en.lproj/InfoPlist.strings; sourceTree = "<group>"; };
		E9EAA10E19A43E7F002BD113 /* main.m */ = {isa = PBXFileReference; lastKnownFileType = sourcecode.c.objc; path = main.m; sourceTree = "<group>"; };
		E9EAA11019A43E7F002BD113 /* AllFonts-Prefix.pch */ = {isa = PBXFileReference; lastKnownFileType = sourcecode.c.h; path = "AllFonts-Prefix.pch"; sourceTree = "<group>"; };
		E9EAA11119A43E7F002BD113 /* AppDelegate.h */ = {isa = PBXFileReference; lastKnownFileType = sourcecode.c.h; path = AppDelegate.h; sourceTree = "<group>"; };
		E9EAA11219A43E7F002BD113 /* AppDelegate.m */ = {isa = PBXFileReference; lastKnownFileType = sourcecode.c.objc; path = AppDelegate.m; sourceTree = "<group>"; };
		E9EAA11419A43E7F002BD113 /* Images.xcassets */ = {isa = PBXFileReference; lastKnownFileType = folder.assetcatalog; path = Images.xcassets; sourceTree = "<group>"; };
		E9EAA11A19A43E7F002BD113 /* AllFontsTests.xctest */ = {isa = PBXFileReference; explicitFileType = wrapper.cfbundle; includeInIndex = 0; path = AllFontsTests.xctest; sourceTree = BUILT_PRODUCTS_DIR; };
		E9EAA11B19A43E7F002BD113 /* XCTest.framework */ = {isa = PBXFileReference; lastKnownFileType = wrapper.framework; name = XCTest.framework; path = Library/Frameworks/XCTest.framework; sourceTree = DEVELOPER_DIR; };
		E9EAA12319A43E7F002BD113 /* AllFontsTests-Info.plist */ = {isa = PBXFileReference; lastKnownFileType = text.plist.xml; path = "AllFontsTests-Info.plist"; sourceTree = "<group>"; };
		E9EAA12519A43E7F002BD113 /* en */ = {isa = PBXFileReference; lastKnownFileType = text.plist.strings; name = en; path = en.lproj/InfoPlist.strings; sourceTree = "<group>"; };
		E9EAA12719A43E7F002BD113 /* AllFontsTests.m */ = {isa = PBXFileReference; lastKnownFileType = sourcecode.c.objc; path = AllFontsTests.m; sourceTree = "<group>"; };
		E9EAA13119A43E95002BD113 /* MainVC.h */ = {isa = PBXFileReference; fileEncoding = 4; lastKnownFileType = sourcecode.c.h; path = MainVC.h; sourceTree = "<group>"; };
		E9EAA13219A43E95002BD113 /* MainVC.m */ = {isa = PBXFileReference; fileEncoding = 4; lastKnownFileType = sourcecode.c.objc; path = MainVC.m; sourceTree = "<group>"; };
/* End PBXFileReference section */

/* Begin PBXFrameworksBuildPhase section */
		E9EAA0FC19A43E7F002BD113 /* Frameworks */ = {
			isa = PBXFrameworksBuildPhase;
			buildActionMask = 2147483647;
			files = (
				E9EAA10519A43E7F002BD113 /* CoreGraphics.framework in Frameworks */,
				E9EAA10719A43E7F002BD113 /* UIKit.framework in Frameworks */,
				E9EAA10319A43E7F002BD113 /* Foundation.framework in Frameworks */,
			);
			runOnlyForDeploymentPostprocessing = 0;
		};
		E9EAA11719A43E7F002BD113 /* Frameworks */ = {
			isa = PBXFrameworksBuildPhase;
			buildActionMask = 2147483647;
			files = (
				E9EAA11C19A43E7F002BD113 /* XCTest.framework in Frameworks */,
				E9EAA11E19A43E7F002BD113 /* UIKit.framework in Frameworks */,
				E9EAA11D19A43E7F002BD113 /* Foundation.framework in Frameworks */,
			);
			runOnlyForDeploymentPostprocessing = 0;
		};
/* End PBXFrameworksBuildPhase section */

/* Begin PBXGroup section */
		E9EAA0F619A43E7F002BD113 = {
			isa = PBXGroup;
			children = (
				E9EAA10819A43E7F002BD113 /* AllFonts */,
				E9EAA12119A43E7F002BD113 /* AllFontsTests */,
				E9EAA10119A43E7F002BD113 /* Frameworks */,
				E9EAA10019A43E7F002BD113 /* Products */,
			);
			sourceTree = "<group>";
		};
		E9EAA10019A43E7F002BD113 /* Products */ = {
			isa = PBXGroup;
			children = (
				E9EAA0FF19A43E7F002BD113 /* AllFonts.app */,
				E9EAA11A19A43E7F002BD113 /* AllFontsTests.xctest */,
			);
			name = Products;
			sourceTree = "<group>";
		};
		E9EAA10119A43E7F002BD113 /* Frameworks */ = {
			isa = PBXGroup;
			children = (
				E9EAA10219A43E7F002BD113 /* Foundation.framework */,
				E9EAA10419A43E7F002BD113 /* CoreGraphics.framework */,
				E9EAA10619A43E7F002BD113 /* UIKit.framework */,
				E9EAA11B19A43E7F002BD113 /* XCTest.framework */,
			);
			name = Frameworks;
			sourceTree = "<group>";
		};
		E9EAA10819A43E7F002BD113 /* AllFonts */ = {
			isa = PBXGroup;
			children = (
				E9EAA11119A43E7F002BD113 /* AppDelegate.h */,
				E9EAA11219A43E7F002BD113 /* AppDelegate.m */,
				E9EAA11419A43E7F002BD113 /* Images.xcassets */,
				B3885FEA1DB9B86E00D1A649 /* LaunchScreen.storyboard */,
				E9EAA10919A43E7F002BD113 /* Supporting Files */,
				E9EAA13119A43E95002BD113 /* MainVC.h */,
				E9EAA13219A43E95002BD113 /* MainVC.m */,
			);
			path = AllFonts;
			sourceTree = "<group>";
		};
		E9EAA10919A43E7F002BD113 /* Supporting Files */ = {
			isa = PBXGroup;
			children = (
				E9EAA10A19A43E7F002BD113 /* AllFonts-Info.plist */,
				E9EAA10B19A43E7F002BD113 /* InfoPlist.strings */,
				E9EAA10E19A43E7F002BD113 /* main.m */,
				E9EAA11019A43E7F002BD113 /* AllFonts-Prefix.pch */,
			);
			name = "Supporting Files";
			sourceTree = "<group>";
		};
		E9EAA12119A43E7F002BD113 /* AllFontsTests */ = {
			isa = PBXGroup;
			children = (
				E9EAA12719A43E7F002BD113 /* AllFontsTests.m */,
				E9EAA12219A43E7F002BD113 /* Supporting Files */,
			);
			path = AllFontsTests;
			sourceTree = "<group>";
		};
		E9EAA12219A43E7F002BD113 /* Supporting Files */ = {
			isa = PBXGroup;
			children = (
				E9EAA12319A43E7F002BD113 /* AllFontsTests-Info.plist */,
				E9EAA12419A43E7F002BD113 /* InfoPlist.strings */,
			);
			name = "Supporting Files";
			sourceTree = "<group>";
		};
/* End PBXGroup section */

/* Begin PBXNativeTarget section */
		E9EAA0FE19A43E7F002BD113 /* AllFonts */ = {
			isa = PBXNativeTarget;
			buildConfigurationList = E9EAA12B19A43E7F002BD113 /* Build configuration list for PBXNativeTarget "AllFonts" */;
			buildPhases = (
				E9EAA0FB19A43E7F002BD113 /* Sources */,
				E9EAA0FC19A43E7F002BD113 /* Frameworks */,
				E9EAA0FD19A43E7F002BD113 /* Resources */,
			);
			buildRules = (
			);
			dependencies = (
			);
			name = AllFonts;
			productName = AllFonts;
			productReference = E9EAA0FF19A43E7F002BD113 /* AllFonts.app */;
			productType = "com.apple.product-type.application";
		};
		E9EAA11919A43E7F002BD113 /* AllFontsTests */ = {
			isa = PBXNativeTarget;
			buildConfigurationList = E9EAA12E19A43E7F002BD113 /* Build configuration list for PBXNativeTarget "AllFontsTests" */;
			buildPhases = (
				E9EAA11619A43E7F002BD113 /* Sources */,
				E9EAA11719A43E7F002BD113 /* Frameworks */,
				E9EAA11819A43E7F002BD113 /* Resources */,
			);
			buildRules = (
			);
			dependencies = (
				E9EAA12019A43E7F002BD113 /* PBXTargetDependency */,
			);
			name = AllFontsTests;
			productName = AllFontsTests;
			productReference = E9EAA11A19A43E7F002BD113 /* AllFontsTests.xctest */;
			productType = "com.apple.product-type.bundle.unit-test";
		};
/* End PBXNativeTarget section */

/* Begin PBXProject section */
		E9EAA0F719A43E7F002BD113 /* Project object */ = {
			isa = PBXProject;
			attributes = {
				LastUpgradeCheck = 0510;
				ORGANIZATIONNAME = caisenchuan;
				TargetAttributes = {
					E9EAA11919A43E7F002BD113 = {
						TestTargetID = E9EAA0FE19A43E7F002BD113;
					};
				};
			};
			buildConfigurationList = E9EAA0FA19A43E7F002BD113 /* Build configuration list for PBXProject "AllFonts" */;
			compatibilityVersion = "Xcode 3.2";
			developmentRegion = English;
			hasScannedForEncodings = 0;
			knownRegions = (
				en,
			);
			mainGroup = E9EAA0F619A43E7F002BD113;
			productRefGroup = E9EAA10019A43E7F002BD113 /* Products */;
			projectDirPath = "";
			projectRoot = "";
			targets = (
				E9EAA0FE19A43E7F002BD113 /* AllFonts */,
				E9EAA11919A43E7F002BD113 /* AllFontsTests */,
			);
		};
/* End PBXProject section */

/* Begin PBXResourcesBuildPhase section */
		E9EAA0FD19A43E7F002BD113 /* Resources */ = {
			isa = PBXResourcesBuildPhase;
			buildActionMask = 2147483647;
			files = (
				B3885FEB1DB9B86E00D1A649 /* LaunchScreen.storyboard in Resources */,
				E9EAA10D19A43E7F002BD113 /* InfoPlist.strings in Resources */,
				E9EAA11519A43E7F002BD113 /* Images.xcassets in Resources */,
			);
			runOnlyForDeploymentPostprocessing = 0;
		};
		E9EAA11819A43E7F002BD113 /* Resources */ = {
			isa = PBXResourcesBuildPhase;
			buildActionMask = 2147483647;
			files = (
				E9EAA12619A43E7F002BD113 /* InfoPlist.strings in Resources */,
			);
			runOnlyForDeploymentPostprocessing = 0;
		};
/* End PBXResourcesBuildPhase section */

/* Begin PBXSourcesBuildPhase section */
		E9EAA0FB19A43E7F002BD113 /* Sources */ = {
			isa = PBXSourcesBuildPhase;
			buildActionMask = 2147483647;
			files = (
				E9EAA13319A43E95002BD113 /* MainVC.m in Sources */,
				E9EAA11319A43E7F002BD113 /* AppDelegate.m in Sources */,
				E9EAA10F19A43E7F002BD113 /* main.m in Sources */,
			);
			runOnlyForDeploymentPostprocessing = 0;
		};
		E9EAA11619A43E7F002BD113 /* Sources */ = {
			isa = PBXSourcesBuildPhase;
			buildActionMask = 2147483647;
			files = (
				E9EAA12819A43E7F002BD113 /* AllFontsTests.m in Sources */,
			);
			runOnlyForDeploymentPostprocessing = 0;
		};
/* End PBXSourcesBuildPhase section */

/* Begin PBXTargetDependency section */
		E9EAA12019A43E7F002BD113 /* PBXTargetDependency */ = {
			isa = PBXTargetDependency;
			target = E9EAA0FE19A43E7F002BD113 /* AllFonts */;
			targetProxy = E9EAA11F19A43E7F002BD113 /* PBXContainerItemProxy */;
		};
/* End PBXTargetDependency section */

/* Begin PBXVariantGroup section */
		E9EAA10B19A43E7F002BD113 /* InfoPlist.strings */ = {
			isa = PBXVariantGroup;
			children = (
				E9EAA10C19A43E7F002BD113 /* en */,
			);
			name = InfoPlist.strings;
			sourceTree = "<group>";
		};
		E9EAA12419A43E7F002BD113 /* InfoPlist.strings */ = {
			isa = PBXVariantGroup;
			children = (
				E9EAA12519A43E7F002BD113 /* en */,
			);
			name = InfoPlist.strings;
			sourceTree = "<group>";
		};
/* End PBXVariantGroup section */

/* Begin XCBuildConfiguration section */
		E9EAA12919A43E7F002BD113 /* Debug */ = {
			isa = XCBuildConfiguration;
			buildSettings = {
				ALWAYS_SEARCH_USER_PATHS = NO;
				CLANG_CXX_LANGUAGE_STANDARD = "gnu++0x";
				CLANG_CXX_LIBRARY = "libc++";
				CLANG_ENABLE_MODULES = YES;
				CLANG_ENABLE_OBJC_ARC = YES;
				CLANG_WARN_BOOL_CONVERSION = YES;
				CLANG_WARN_CONSTANT_CONVERSION = YES;
				CLANG_WARN_DIRECT_OBJC_ISA_USAGE = YES_ERROR;
				CLANG_WARN_EMPTY_BODY = YES;
				CLANG_WARN_ENUM_CONVERSION = YES;
				CLANG_WARN_INT_CONVERSION = YES;
				CLANG_WARN_OBJC_ROOT_CLASS = YES_ERROR;
				CLANG_WARN__DUPLICATE_METHOD_MATCH = YES;
				"CODE_SIGN_IDENTITY[sdk=iphoneos*]" = "iPhone Developer";
				COPY_PHASE_STRIP = NO;
				GCC_C_LANGUAGE_STANDARD = gnu99;
				GCC_DYNAMIC_NO_PIC = NO;
				GCC_OPTIMIZATION_LEVEL = 0;
				GCC_PREPROCESSOR_DEFINITIONS = (
					"DEBUG=1",
					"$(inherited)",
				);
				GCC_SYMBOLS_PRIVATE_EXTERN = NO;
				GCC_WARN_64_TO_32_BIT_CONVERSION = YES;
				GCC_WARN_ABOUT_RETURN_TYPE = YES_ERROR;
				GCC_WARN_UNDECLARED_SELECTOR = YES;
				GCC_WARN_UNINITIALIZED_AUTOS = YES_AGGRESSIVE;
				GCC_WARN_UNUSED_FUNCTION = YES;
				GCC_WARN_UNUSED_VARIABLE = YES;
				IPHONEOS_DEPLOYMENT_TARGET = 7.1;
				ONLY_ACTIVE_ARCH = YES;
				SDKROOT = iphoneos;
			};
			name = Debug;
		};
		E9EAA12A19A43E7F002BD113 /* Release */ = {
			isa = XCBuildConfiguration;
			buildSettings = {
				ALWAYS_SEARCH_USER_PATHS = NO;
				CLANG_CXX_LANGUAGE_STANDARD = "gnu++0x";
				CLANG_CXX_LIBRARY = "libc++";
				CLANG_ENABLE_MODULES = YES;
				CLANG_ENABLE_OBJC_ARC = YES;
				CLANG_WARN_BOOL_CONVERSION = YES;
				CLANG_WARN_CONSTANT_CONVERSION = YES;
				CLANG_WARN_DIRECT_OBJC_ISA_USAGE = YES_ERROR;
				CLANG_WARN_EMPTY_BODY = YES;
				CLANG_WARN_ENUM_CONVERSION = YES;
				CLANG_WARN_INT_CONVERSION = YES;
				CLANG_WARN_OBJC_ROOT_CLASS = YES_ERROR;
				CLANG_WARN__DUPLICATE_METHOD_MATCH = YES;
				"CODE_SIGN_IDENTITY[sdk=iphoneos*]" = "iPhone Developer";
				COPY_PHASE_STRIP = YES;
				ENABLE_NS_ASSERTIONS = NO;
				GCC_C_LANGUAGE_STANDARD = gnu99;
				GCC_WARN_64_TO_32_BIT_CONVERSION = YES;
				GCC_WARN_ABOUT_RETURN_TYPE = YES_ERROR;
				GCC_WARN_UNDECLARED_SELECTOR = YES;
				GCC_WARN_UNINITIALIZED_AUTOS = YES_AGGRESSIVE;
				GCC_WARN_UNUSED_FUNCTION = YES;
				GCC_WARN_UNUSED_VARIABLE = YES;
				IPHONEOS_DEPLOYMENT_TARGET = 7.1;
				SDKROOT = iphoneos;
				VALIDATE_PRODUCT = YES;
			};
			name = Release;
		};
		E9EAA12C19A43E7F002BD113 /* Debug */ = {
			isa = XCBuildConfiguration;
			buildSettings = {
				ASSETCATALOG_COMPILER_APPICON_NAME = AppIcon;
				ASSETCATALOG_COMPILER_LAUNCHIMAGE_NAME = LaunchImage;
				GCC_PRECOMPILE_PREFIX_HEADER = YES;
				GCC_PREFIX_HEADER = "AllFonts/AllFonts-Prefix.pch";
				INFOPLIST_FILE = "AllFonts/AllFonts-Info.plist";
				PRODUCT_NAME = "$(TARGET_NAME)";
				WRAPPER_EXTENSION = app;
			};
			name = Debug;
		};
		E9EAA12D19A43E7F002BD113 /* Release */ = {
			isa = XCBuildConfiguration;
			buildSettings = {
				ASSETCATALOG_COMPILER_APPICON_NAME = AppIcon;
				ASSETCATALOG_COMPILER_LAUNCHIMAGE_NAME = LaunchImage;
				GCC_PRECOMPILE_PREFIX_HEADER = YES;
				GCC_PREFIX_HEADER = "AllFonts/AllFonts-Prefix.pch";
				INFOPLIST_FILE = "AllFonts/AllFonts-Info.plist";
				PRODUCT_NAME = "$(TARGET_NAME)";
				WRAPPER_EXTENSION = app;
			};
			name = Release;
		};
		E9EAA12F19A43E7F002BD113 /* Debug */ = {
			isa = XCBuildConfiguration;
			buildSettings = {
				BUNDLE_LOADER = "$(BUILT_PRODUCTS_DIR)/AllFonts.app/AllFonts";
				FRAMEWORK_SEARCH_PATHS = (
					"$(SDKROOT)/Developer/Library/Frameworks",
					"$(inherited)",
					"$(DEVELOPER_FRAMEWORKS_DIR)",
				);
				GCC_PRECOMPILE_PREFIX_HEADER = YES;
				GCC_PREFIX_HEADER = "AllFonts/AllFonts-Prefix.pch";
				GCC_PREPROCESSOR_DEFINITIONS = (
					"DEBUG=1",
					"$(inherited)",
				);
				INFOPLIST_FILE = "AllFontsTests/AllFontsTests-Info.plist";
				PRODUCT_NAME = "$(TARGET_NAME)";
				TEST_HOST = "$(BUNDLE_LOADER)";
				WRAPPER_EXTENSION = xctest;
			};
			name = Debug;
		};
		E9EAA13019A43E7F002BD113 /* Release */ = {
			isa = XCBuildConfiguration;
			buildSettings = {
				BUNDLE_LOADER = "$(BUILT_PRODUCTS_DIR)/AllFonts.app/AllFonts";
				FRAMEWORK_SEARCH_PATHS = (
					"$(SDKROOT)/Developer/Library/Frameworks",
					"$(inherited)",
					"$(DEVELOPER_FRAMEWORKS_DIR)",
				);
				GCC_PRECOMPILE_PREFIX_HEADER = YES;
				GCC_PREFIX_HEADER = "AllFonts/AllFonts-Prefix.pch";
				INFOPLIST_FILE = "AllFontsTests/AllFontsTests-Info.plist";
				PRODUCT_NAME = "$(TARGET_NAME)";
				TEST_HOST = "$(BUNDLE_LOADER)";
				WRAPPER_EXTENSION = xctest;
			};
			name = Release;
		};
/* End XCBuildConfiguration section */

/* Begin XCConfigurationList section */
		E9EAA0FA19A43E7F002BD113 /* Build configuration list for PBXProject "AllFonts" */ = {
			isa = XCConfigurationList;
			buildConfigurations = (
				E9EAA12919A43E7F002BD113 /* Debug */,
				E9EAA12A19A43E7F002BD113 /* Release */,
			);
			defaultConfigurationIsVisible = 0;
			defaultConfigurationName = Release;
		};
		E9EAA12B19A43E7F002BD113 /* Build configuration list for PBXNativeTarget "AllFonts" */ = {
			isa = XCConfigurationList;
			buildConfigurations = (
				E9EAA12C19A43E7F002BD113 /* Debug */,
				E9EAA12D19A43E7F002BD113 /* Release */,
			);
			defaultConfigurationIsVisible = 0;
			defaultConfigurationName = Release;
		};
		E9EAA12E19A43E7F002BD113 /* Build configuration list for PBXNativeTarget "AllFontsTests" */ = {
			isa = XCConfigurationList;
			buildConfigurations = (
				E9EAA12F19A43E7F002BD113 /* Debug */,
				E9EAA13019A43E7F002BD113 /* Release */,
			);
			defaultConfigurationIsVisible = 0;
			defaultConfigurationName = Release;
		};
/* End XCConfigurationList section */
	};
	rootObject = E9EAA0F719A43E7F002BD113 /* Project object */;
}
